<?xml version="1.0" encoding="utf-8"?>
<Project ToolsVersion="4.0" xmlns="http://schemas.microsoft.com/developer/msbuild/2003">
  <ItemGroup>
    <Filter Include="Source Files">
      <UniqueIdentifier>{4FC737F1-C7A5-4376-A066-2A32D752A2FF}</UniqueIdentifier>
      <Extensions>cpp;c;cc;cxx;def;odl;idl;hpj;bat;asm;asmx</Extensions>
    </Filter>
    <Filter Include="Header Files">
      <UniqueIdentifier>{93995380-89BD-4b04-88EB-625FBE52EBFB}</UniqueIdentifier>
      <Extensions>h;hh;hpp;hxx;hm;inl;inc;xsd</Extensions>
    </Filter>
    <Filter Include="Resource Files">
      <UniqueIdentifier>{67DA6AB6-F800-4c08-8B7A-83BB121AAD01}</UniqueIdentifier>
      <Extensions>rc;ico;cur;bmp;dlg;rc2;rct;bin;rgs;gif;jpg;jpeg;jpe;resx;tiff;tif;png;wav</Extensions>
    </Filter>
  </ItemGroup>
  <ItemGroup>
    <None Include="bin\resources\index.html" />
    <None Include="bin\resources\index_module.html" />
    <None Include="bin\resources\index_spec.html" />
  </ItemGroup>
  <ItemGroup>
    <ClCompile Include="chrome.cpp">
      <Filter>Source Files</Filter>
    </ClCompile>
    <ClCompile Include="errors.cpp">
      <Filter>Source Files</Filter>
    </ClCompile>
    <ClCompile Include="extensions_loader.cpp">
      <Filter>Source Files</Filter>
    </ClCompile>
    <ClCompile Include="helpers.cpp">
      <Filter>Source Files</Filter>
    </ClCompile>
    <ClCompile Include="main.cpp">
      <Filter>Source Files</Filter>
    </ClCompile>
    <ClCompile Include="resources.cpp">
      <Filter>Source Files</Filter>
    </ClCompile>
    <ClCompile Include="settings.cpp">
      <Filter>Source Files</Filter>
    </ClCompile>
    <ClCompile Include="auth\authbasic.cpp">
      <Filter>Source Files</Filter>
    </ClCompile>
    <ClCompile Include="auth\permission.cpp">
      <Filter>Source Files</Filter>
    </ClCompile>
    <ClCompile Include="server\router.cpp">
      <Filter>Source Files</Filter>
    </ClCompile>
    <ClCompile Include="server\neuserver.cpp">
      <Filter>Source Files</Filter>
    </ClCompile>
    <ClCompile Include="api\window\window.cpp">
      <Filter>Source Files</Filter>
    </ClCompile>
    <ClCompile Include="api\custom\custom.cpp">
      <Filter>Source Files</Filter>
    </ClCompile>
    <ClCompile Include="api\filesystem\filesystem.cpp">
      <Filter>Source Files</Filter>
    </ClCompile>
    <ClCompile Include="api\os\os.cpp">
      <Filter>Source Files</Filter>
    </ClCompile>
    <ClCompile Include="api\storage\storage.cpp">
      <Filter>Source Files</Filter>
    </ClCompile>
    <ClCompile Include="api\clipboard\clipboard.cpp">
      <Filter>Source Files</Filter>
    </ClCompile>
    <ClCompile Include="api\computer\computer.cpp">
      <Filter>Source Files</Filter>
    </ClCompile>
    <ClCompile Include="api\debug\debug.cpp">
      <Filter>Source Files</Filter>
    </ClCompile>
    <ClCompile Include="api\events\events.cpp">
      <Filter>Source Files</Filter>
    </ClCompile>
    <ClCompile Include="api\extensions\extensions.cpp">
      <Filter>Source Files</Filter>
    </ClCompile>
    <ClCompile Include="api\app\app.cpp">
      <Filter>Source Files</Filter>
    </ClCompile>
    <ClCompile Include="lib\tinyprocess\process_win.cpp">
      <Filter>Source Files</Filter>
    </ClCompile>
    <ClCompile Include="lib\tinyprocess\process.cpp">
      <Filter>Source Files</Filter>
    </ClCompile>
    <ClCompile Include="lib\easylogging\easylogging++.cc">
      <Filter>Source Files</Filter>
    </ClCompile>
    <ClCompile Include="lib\platformfolders\platform_folders.cpp">
      <Filter>Source Files</Filter>
    </ClCompile>
    <ClCompile Include="lib\clip\clip.cpp">
      <Filter>Source Files</Filter>
    </ClCompile>
    <ClCompile Include="lib\clip\image.cpp">
      <Filter>Source Files</Filter>
    </ClCompile>
    <ClCompile Include="lib\infoware\src\detail\sysctl_darwin.cpp">
      <Filter>Source Files</Filter>
    </ClCompile>
    <ClCompile Include="lib\infoware\src\detail\sysctl_non_darwin.cpp">
      <Filter>Source Files</Filter>
    </ClCompile>
    <ClCompile Include="lib\infoware\src\detail\winstring_non_windows.cpp">
      <Filter>Source Files</Filter>
    </ClCompile>
    <ClCompile Include="lib\infoware\src\detail\winstring_windows.cpp">
      <Filter>Source Files</Filter>
    </ClCompile>
    <ClCompile Include="lib\infoware\src\cpu\architecture\architecture_non_windows.cpp">
      <Filter>Source Files</Filter>
    </ClCompile>
    <ClCompile Include="lib\infoware\src\cpu\architecture\architecture_windows.cpp">
      <Filter>Source Files</Filter>
    </ClCompile>
    <ClCompile Include="lib\infoware\src\cpu\frequency\frequency_darwin.cpp">
      <Filter>Source Files</Filter>
    </ClCompile>
    <ClCompile Include="lib\infoware\src\cpu\frequency\frequency_non_windows_non_darwin.cpp">
      <Filter>Source Files</Filter>
    </ClCompile>
    <ClCompile Include="lib\infoware\src\cpu\frequency\frequency_windows.cpp">
      <Filter>Source Files</Filter>
    </ClCompile>
    <ClCompile Include="lib\infoware\src\cpu\quantities_cache\quantities_cache_darwin.cpp">
      <Filter>Source Files</Filter>
    </ClCompile>
    <ClCompile Include="lib\infoware\src\cpu\quantities_cache\quantities_cache_non_windows_non_darwin.cpp">
      <Filter>Source Files</Filter>
    </ClCompile>
    <ClCompile Include="lib\infoware\src\cpu\quantities_cache\quantities_cache_windows.cpp">
      <Filter>Source Files</Filter>
    </ClCompile>
    <ClCompile Include="lib\infoware\src\cpu\vendor_model_name\vendor_model_name_darwin.cpp">
      <Filter>Source Files</Filter>
    </ClCompile>
    <ClCompile Include="lib\infoware\src\cpu\vendor_model_name\vendor_model_name_non_windows_non_darwin.cpp">
      <Filter>Source Files</Filter>
    </ClCompile>
    <ClCompile Include="lib\infoware\src\cpu\vendor_model_name\vendor_model_name_windows.cpp">
      <Filter>Source Files</Filter>
    </ClCompile>
    <ClCompile Include="lib\infoware\src\version.cpp">
      <Filter>Source Files</Filter>
    </ClCompile>
    <ClCompile Include="lib\infoware\src\system\amounts\amounts_non_windows.cpp">
      <Filter>Source Files</Filter>
    </ClCompile>
    <ClCompile Include="lib\infoware\src\system\amounts\amounts_windows.cpp">
      <Filter>Source Files</Filter>
    </ClCompile>
    <ClCompile Include="lib\infoware\src\gpu\blank_all.cpp">
      <Filter>Source Files</Filter>
    </ClCompile>
    <ClCompile Include="lib\infoware\src\gpu\d3d.cpp">
      <Filter>Source Files</Filter>
    </ClCompile>
    <ClCompile Include="lib\infoware\src\system\displays\displays_darwin.cpp">
      <Filter>Source Files</Filter>
    </ClCompile>
    <ClCompile Include="lib\infoware\src\system\displays\displays_default_blank.cpp">
      <Filter>Source Files</Filter>
    </ClCompile>
    <ClCompile Include="lib\infoware\src\system\displays\displays_windows.cpp">
      <Filter>Source Files</Filter>
    </ClCompile>
    <ClCompile Include="lib\infoware\src\system\kernel_info\kernel_info_non_windows.cpp">
      <Filter>Source Files</Filter>
    </ClCompile>
    <ClCompile Include="lib\infoware\src\system\kernel_info\kernel_info_windows.cpp">
      <Filter>Source Files</Filter>
    </ClCompile>
    <ClCompile Include="lib\infoware\src\system\memory\memory_darwin.cpp">
      <Filter>Source Files</Filter>
    </ClCompile>
    <ClCompile Include="lib\infoware\src\system\memory\memory_non_windows_non_darwin.cpp">
      <Filter>Source Files</Filter>
    </ClCompile>
    <ClCompile Include="lib\infoware\src\system\memory\memory_windows.cpp">
      <Filter>Source Files</Filter>
    </ClCompile>
    <ClCompile Include="lib\infoware\src\gpu\OpenCL.cpp">
      <Filter>Source Files</Filter>
    </ClCompile>
    <ClCompile Include="lib\infoware\src\gpu\OpenGL.cpp">
      <Filter>Source Files</Filter>
    </ClCompile>
    <ClCompile Include="lib\infoware\src\system\OS_info\os_info_darwin.cpp">
      <Filter>Source Files</Filter>
    </ClCompile>
    <ClCompile Include="lib\infoware\src\system\OS_info\os_info_non_windows_non_darwin.cpp">
      <Filter>Source Files</Filter>
    </ClCompile>
    <ClCompile Include="lib\infoware\src\system\OS_info\os_info_windows.cpp">
      <Filter>Source Files</Filter>
    </ClCompile>
    <ClCompile Include="lib\efsw\src\efsw\EfswFileSystem.cpp">
      <Filter>Source Files</Filter>
    </ClCompile>
    <ClCompile Include="lib\efsw\src\efsw\FileInfo.cpp">
      <Filter>Source Files</Filter>
    </ClCompile>
    <ClCompile Include="lib\efsw\src\efsw\FileWatcher.cpp">
      <Filter>Source Files</Filter>
    </ClCompile>
    <ClCompile Include="lib\efsw\src\efsw\FileWatcherCWrapper.cpp">
      <Filter>Source Files</Filter>
    </ClCompile>
    <ClCompile Include="lib\efsw\src\efsw\FileWatcherFSEvents.cpp">
      <Filter>Source Files</Filter>
    </ClCompile>
    <ClCompile Include="lib\efsw\src\efsw\FileWatcherGeneric.cpp">
      <Filter>Source Files</Filter>
    </ClCompile>
    <ClCompile Include="lib\efsw\src\efsw\FileWatcherImpl.cpp">
      <Filter>Source Files</Filter>
    </ClCompile>
    <ClCompile Include="lib\efsw\src\efsw\FileWatcherInotify.cpp">
      <Filter>Source Files</Filter>
    </ClCompile>
    <ClCompile Include="lib\efsw\src\efsw\DirectorySnapshot.cpp">
      <Filter>Source Files</Filter>
    </ClCompile>
    <ClCompile Include="lib\efsw\src\efsw\DirWatcherGeneric.cpp">
      <Filter>Source Files</Filter>
    </ClCompile>
    <ClCompile Include="lib\efsw\src\efsw\platform\win\MutexImpl.cpp">
      <Filter>Source Files</Filter>
    </ClCompile>
    <ClCompile Include="lib\efsw\src\efsw\platform\win\SystemImpl.cpp">
      <Filter>Source Files</Filter>
    </ClCompile>
    <ClCompile Include="lib\efsw\src\efsw\platform\win\ThreadImpl.cpp">
      <Filter>Source Files</Filter>
    </ClCompile>
    <ClCompile Include="lib\efsw\src\efsw\platform\win\FileSystemImpl.cpp">
      <Filter>Source Files</Filter>
    </ClCompile>
    <ClCompile Include="lib\efsw\src\efsw\WatcherKqueue.cpp">
      <Filter>Source Files</Filter>
    </ClCompile>
    <ClCompile Include="lib\efsw\src\efsw\WatcherWin32.cpp">
      <Filter>Source Files</Filter>
    </ClCompile>
    <ClCompile Include="lib\efsw\src\efsw\Mutex.cpp">
      <Filter>Source Files</Filter>
    </ClCompile>
    <ClCompile Include="lib\efsw\src\efsw\String.cpp">
      <Filter>Source Files</Filter>
    </ClCompile>
    <ClCompile Include="lib\efsw\src\efsw\System.cpp">
      <Filter>Source Files</Filter>
    </ClCompile>
    <ClCompile Include="lib\efsw\src\efsw\Thread.cpp">
      <Filter>Source Files</Filter>
    </ClCompile>
    <ClCompile Include="lib\efsw\src\efsw\Watcher.cpp">
      <Filter>Source Files</Filter>
    </ClCompile>
    <ClCompile Include="lib\efsw\src\efsw\WatcherFSEvents.cpp">
      <Filter>Source Files</Filter>
    </ClCompile>
    <ClCompile Include="lib\efsw\src\efsw\WatcherGeneric.cpp">
      <Filter>Source Files</Filter>
    </ClCompile>
    <ClCompile Include="lib\efsw\src\efsw\WatcherInotify.cpp">
      <Filter>Source Files</Filter>
    </ClCompile>
    <ClCompile Include="lib\efsw\src\efsw\FileWatcherKqueue.cpp">
      <Filter>Source Files</Filter>
    </ClCompile>
    <ClCompile Include="lib\efsw\src\efsw\FileWatcherWin32.cpp">
      <Filter>Source Files</Filter>
    </ClCompile>
    <ClCompile Include="lib\efsw\src\efsw\Log.cpp">
      <Filter>Source Files</Filter>
    </ClCompile>
    <ClCompile Include="lib\efsw\src\efsw\DirectorySnapshotDiff.cpp">
      <Filter>Source Files</Filter>
    </ClCompile>
    <ClCompile Include="lib\efsw\src\efsw\EfswDebug.cpp">
      <Filter>Source Files</Filter>
    </ClCompile>
    <ClCompile Include="lib\clip\clip_win.cpp">
      <Filter>Source Files</Filter>
    </ClCompile>
  </ItemGroup>
</Project>